
Microsoft Visual Studio Solution File, Format Version 12.00
# Visual Studio 15
Project("{FAE04EC0-301F-11D3-BF4B-00C04F79EFBC}") = "Assembly-CSharp-Editor", "Assembly-CSharp-Editor.csproj", "{A78AA5B0-FF72-81F6-8E96-FF7E5F8702FD}"
EndProject
Project("{FAE04EC0-301F-11D3-BF4B-00C04F79EFBC}") = "Assembly-CSharp", "Assembly-CSharp.csproj", "{FA9310DF-5EBF-03D6-DB34-C87F99E6179D}"
EndProject
Global
	GlobalSection(SolutionConfigurationPlatforms) = preSolution
		Debug|Any CPU = Debug|Any CPU
		Release|Any CPU = Release|Any CPU
	EndGlobalSection
	GlobalSection(ProjectConfigurationPlatforms) = postSolution
		{A78AA5B0-FF72-81F6-8E96-FF7E5F8702FD}.Debug|Any CPU.ActiveCfg = Debug|Any CPU
		{A78AA5B0-FF72-81F6-8E96-FF7E5F8702FD}.Debug|Any CPU.Build.0 = Debug|Any CPU
		{A78AA5B0-FF72-81F6-8E96-FF7E5F8702FD}.Release|Any CPU.ActiveCfg = Release|Any CPU
		{A78AA5B0-FF72-81F6-8E96-FF7E5F8702FD}.Release|Any CPU.Build.0 = Release|Any CPU
		{FA9310DF-5EBF-03D6-DB34-C87F99E6179D}.Debug|Any CPU.ActiveCfg = Debug|Any CPU
		{FA9310DF-5EBF-03D6-DB34-C87F99E6179D}.Debug|Any CPU.Build.0 = Debug|Any CPU
		{FA9310DF-5EBF-03D6-DB34-C87F99E6179D}.Release|Any CPU.ActiveCfg = Release|Any CPU
		{FA9310DF-5EBF-03D6-DB34-C87F99E6179D}.Release|Any CPU.Build.0 = Release|Any CPU
	EndGlobalSection
	GlobalSection(SolutionProperties) = preSolution
		HideSolutionNode = FALSE
	EndGlobalSection
EndGlobal
